
Microsoft Visual Studio Solution File, Format Version 12.00
# Visual Studio Version 16
VisualStudioVersion = 16.0.28803.202
MinimumVisualStudioVersion = 10.0.40219.1
Project("{FAE04EC0-301F-11D3-BF4B-00C04F79EFBC}") = "ElipsisInterview", "ElipsisInterview\ElipsisInterview.csproj", "{A3FF73CC-C076-444C-8D61-D571E54ADE10}"
EndProject
Global
	GlobalSection(SolutionConfigurationPlatforms) = preSolution
		Debug|Any CPU = Debug|Any CPU
		Release|Any CPU = Release|Any CPU
	EndGlobalSection
	GlobalSection(ProjectConfigurationPlatforms) = postSolution
		{A3FF73CC-C076-444C-8D61-D571E54ADE10}.Debug|Any CPU.ActiveCfg = Debug|Any CPU
		{A3FF73CC-C076-444C-8D61-D571E54ADE10}.Debug|Any CPU.Build.0 = Debug|Any CPU
		{A3FF73CC-C076-444C-8D61-D571E54ADE10}.Release|Any CPU.ActiveCfg = Release|Any CPU
		{A3FF73CC-C076-444C-8D61-D571E54ADE10}.Release|Any CPU.Build.0 = Release|Any CPU
	EndGlobalSection
	GlobalSection(SolutionProperties) = preSolution
		HideSolutionNode = FALSE
	EndGlobalSection
	GlobalSection(ExtensibilityGlobals) = postSolution
		SolutionGuid = {585F1576-5B7F-4738-B6D0-B62C55CE2E4F}
	EndGlobalSection
EndGlobal
